
Microsoft Visual Studio Solution File, Format Version 12.00
# Visual Studio Version 17
VisualStudioVersion = 17.3.32804.467
MinimumVisualStudioVersion = 10.0.40219.1
Project("{9A19103F-16F7-4668-BE54-9A1E7A4F7556}") = "RangeTask", "RangeTask\RangeTask.csproj", "{D27E1650-C93E-4AC1-923C-91CB4AAC24D0}"
EndProject
Project("{9A19103F-16F7-4668-BE54-9A1E7A4F7556}") = "ShapeTask", "ShapeTask\ShapeTask.csproj", "{FDAEAAA3-ACCA-44E7-8D16-A15666B008AB}"
EndProject
Project("{FAE04EC0-301F-11D3-BF4B-00C04F79EFBC}") = "VectorTask", "VectorTask\VectorTask.csproj", "{974980B2-E343-4C25-80BE-896ACD1CF4CA}"
EndProject
Project("{FAE04EC0-301F-11D3-BF4B-00C04F79EFBC}") = "MatrixTask", "MatrixTask\MatrixTask.csproj", "{5E7DD139-27D4-48F6-A076-B2917ACAF9BC}"
EndProject
Global
	GlobalSection(SolutionConfigurationPlatforms) = preSolution
		Debug|Any CPU = Debug|Any CPU
		Release|Any CPU = Release|Any CPU
	EndGlobalSection
	GlobalSection(ProjectConfigurationPlatforms) = postSolution
		{D27E1650-C93E-4AC1-923C-91CB4AAC24D0}.Debug|Any CPU.ActiveCfg = Debug|Any CPU
		{D27E1650-C93E-4AC1-923C-91CB4AAC24D0}.Debug|Any CPU.Build.0 = Debug|Any CPU
		{D27E1650-C93E-4AC1-923C-91CB4AAC24D0}.Release|Any CPU.ActiveCfg = Release|Any CPU
		{D27E1650-C93E-4AC1-923C-91CB4AAC24D0}.Release|Any CPU.Build.0 = Release|Any CPU
		{FDAEAAA3-ACCA-44E7-8D16-A15666B008AB}.Debug|Any CPU.ActiveCfg = Debug|Any CPU
		{FDAEAAA3-ACCA-44E7-8D16-A15666B008AB}.Debug|Any CPU.Build.0 = Debug|Any CPU
		{FDAEAAA3-ACCA-44E7-8D16-A15666B008AB}.Release|Any CPU.ActiveCfg = Release|Any CPU
		{FDAEAAA3-ACCA-44E7-8D16-A15666B008AB}.Release|Any CPU.Build.0 = Release|Any CPU
		{974980B2-E343-4C25-80BE-896ACD1CF4CA}.Debug|Any CPU.ActiveCfg = Debug|Any CPU
		{974980B2-E343-4C25-80BE-896ACD1CF4CA}.Debug|Any CPU.Build.0 = Debug|Any CPU
		{974980B2-E343-4C25-80BE-896ACD1CF4CA}.Release|Any CPU.ActiveCfg = Release|Any CPU
		{974980B2-E343-4C25-80BE-896ACD1CF4CA}.Release|Any CPU.Build.0 = Release|Any CPU
		{5E7DD139-27D4-48F6-A076-B2917ACAF9BC}.Debug|Any CPU.ActiveCfg = Debug|Any CPU
		{5E7DD139-27D4-48F6-A076-B2917ACAF9BC}.Debug|Any CPU.Build.0 = Debug|Any CPU
		{5E7DD139-27D4-48F6-A076-B2917ACAF9BC}.Release|Any CPU.ActiveCfg = Release|Any CPU
		{5E7DD139-27D4-48F6-A076-B2917ACAF9BC}.Release|Any CPU.Build.0 = Release|Any CPU
	EndGlobalSection
	GlobalSection(SolutionProperties) = preSolution
		HideSolutionNode = FALSE
	EndGlobalSection
	GlobalSection(ExtensibilityGlobals) = postSolution
		SolutionGuid = {AC2925BF-8F95-4380-B201-6E434EB63120}
	EndGlobalSection
EndGlobal
